// !$*UTF8*$!
{
	archiveVersion = 1;
	classes = {
	};
	objectVersion = 50;
	objects = {

/* Begin PBXBuildFile section */
		50C5E44321349EFB008578EE /* AppDelegate.swift in Sources */ = {isa = PBXBuildFile; fileRef = 50C5E44221349EFB008578EE /* AppDelegate.swift */; };
		50C5E44521349EFB008578EE /* AceListViewController.swift in Sources */ = {isa = PBXBuildFile; fileRef = 50C5E44421349EFB008578EE /* AceListViewController.swift */; };
		50C5E44821349EFB008578EE /* Main.storyboard in Resources */ = {isa = PBXBuildFile; fileRef = 50C5E44621349EFB008578EE /* Main.storyboard */; };
		50C5E44A21349EFD008578EE /* Assets.xcassets in Resources */ = {isa = PBXBuildFile; fileRef = 50C5E44921349EFD008578EE /* Assets.xcassets */; };
		50C5E44D21349EFD008578EE /* LaunchScreen.storyboard in Resources */ = {isa = PBXBuildFile; fileRef = 50C5E44B21349EFD008578EE /* LaunchScreen.storyboard */; };
/* End PBXBuildFile section */

/* Begin PBXFileReference section */
		50C5E43F21349EFB008578EE /* AceList.app */ = {isa = PBXFileReference; explicitFileType = wrapper.application; includeInIndex = 0; path = AceList.app; sourceTree = BUILT_PRODUCTS_DIR; };
		50C5E44221349EFB008578EE /* AppDelegate.swift */ = {isa = PBXFileReference; lastKnownFileType = sourcecode.swift; path = AppDelegate.swift; sourceTree = "<group>"; };
		50C5E44421349EFB008578EE /* AceListViewController.swift */ = {isa = PBXFileReference; lastKnownFileType = sourcecode.swift; path = AceListViewController.swift; sourceTree = "<group>"; };
		50C5E44721349EFB008578EE /* Base */ = {isa = PBXFileReference; lastKnownFileType = file.storyboard; name = Base; path = Base.lproj/Main.storyboard; sourceTree = "<group>"; };
		50C5E44921349EFD008578EE /* Assets.xcassets */ = {isa = PBXFileReference; lastKnownFileType = folder.assetcatalog; path = Assets.xcassets; sourceTree = "<group>"; };
		50C5E44C21349EFD008578EE /* Base */ = {isa = PBXFileReference; lastKnownFileType = file.storyboard; name = Base; path = Base.lproj/LaunchScreen.storyboard; sourceTree = "<group>"; };
		50C5E44E21349EFD008578EE /* Info.plist */ = {isa = PBXFileReference; lastKnownFileType = text.plist.xml; path = Info.plist; sourceTree = "<group>"; };
/* End PBXFileReference section */

/* Begin PBXFrameworksBuildPhase section */
		50C5E43C21349EFB008578EE /* Frameworks */ = {
			isa = PBXFrameworksBuildPhase;
			buildActionMask = 2147483647;
			files = (
			);
			runOnlyForDeploymentPostprocessing = 0;
		};
/* End PBXFrameworksBuildPhase section */

/* Begin PBXGroup section */
		50BDF2CE2135D27B005925E0 /* Model */ = {
			isa = PBXGroup;
			children = (
			);
			path = Model;
			sourceTree = "<group>";
		};
		50BDF2CF2135D280005925E0 /* View */ = {
			isa = PBXGroup;
			children = (
				50C5E44B21349EFD008578EE /* LaunchScreen.storyboard */,
				50C5E44621349EFB008578EE /* Main.storyboard */,
			);
			path = View;
			sourceTree = "<group>";
		};
		50BDF2D02135D285005925E0 /* Controller */ = {
			isa = PBXGroup;
			children = (
				50C5E44221349EFB008578EE /* AppDelegate.swift */,
				50C5E44421349EFB008578EE /* AceListViewController.swift */,
			);
			path = Controller;
			sourceTree = "<group>";
		};
		50BDF2D12135D2DA005925E0 /* Supporting Files */ = {
			isa = PBXGroup;
			children = (
				50C5E44921349EFD008578EE /* Assets.xcassets */,
				50C5E44E21349EFD008578EE /* Info.plist */,
			);
			name = "Supporting Files";
			path = AceList;
			sourceTree = "<group>";
		};
		50C5E43621349EFB008578EE = {
			isa = PBXGroup;
			children = (
				50C5E44121349EFB008578EE /* AceList */,
				50BDF2D12135D2DA005925E0 /* Supporting Files */,
				50C5E44021349EFB008578EE /* Products */,
			);
			sourceTree = "<group>";
		};
		50C5E44021349EFB008578EE /* Products */ = {
			isa = PBXGroup;
			children = (
				50C5E43F21349EFB008578EE /* AceList.app */,
			);
			name = Products;
			sourceTree = "<group>";
		};
		50C5E44121349EFB008578EE /* AceList */ = {
			isa = PBXGroup;
			children = (
				50BDF2CE2135D27B005925E0 /* Model */,
				50BDF2CF2135D280005925E0 /* View */,
				50BDF2D02135D285005925E0 /* Controller */,
			);
			path = AceList;
			sourceTree = "<group>";
		};
/* End PBXGroup section */

/* Begin PBXNativeTarget section */
		50C5E43E21349EFB008578EE /* AceList */ = {
			isa = PBXNativeTarget;
			buildConfigurationList = 50C5E45121349EFD008578EE /* Build configuration list for PBXNativeTarget "AceList" */;
			buildPhases = (
				50C5E43B21349EFB008578EE /* Sources */,
				50C5E43C21349EFB008578EE /* Frameworks */,
				50C5E43D21349EFB008578EE /* Resources */,
			);
			buildRules = (
			);
			dependencies = (
			);
			name = AceList;
			productName = AceList;
			productReference = 50C5E43F21349EFB008578EE /* AceList.app */;
			productType = "com.apple.product-type.application";
		};
/* End PBXNativeTarget section */

/* Begin PBXProject section */
		50C5E43721349EFB008578EE /* Project object */ = {
			isa = PBXProject;
			attributes = {
				LastSwiftUpdateCheck = 0940;
				LastUpgradeCheck = 0940;
				ORGANIZATIONNAME = "AceGoulet, LLC";
				TargetAttributes = {
					50C5E43E21349EFB008578EE = {
						CreatedOnToolsVersion = 9.4.1;
					};
				};
			};
			buildConfigurationList = 50C5E43A21349EFB008578EE /* Build configuration list for PBXProject "AceList" */;
			compatibilityVersion = "Xcode 9.3";
			developmentRegion = en;
			hasScannedForEncodings = 0;
			knownRegions = (
				en,
				Base,
			);
			mainGroup = 50C5E43621349EFB008578EE;
			productRefGroup = 50C5E44021349EFB008578EE /* Products */;
			projectDirPath = "";
			projectRoot = "";
			targets = (
				50C5E43E21349EFB008578EE /* AceList */,
			);
		};
/* End PBXProject section */

/* Begin PBXResourcesBuildPhase section */
		50C5E43D21349EFB008578EE /* Resources */ = {
			isa = PBXResourcesBuildPhase;
			buildActionMask = 2147483647;
			files = (
				50C5E44D21349EFD008578EE /* LaunchScreen.storyboard in Resources */,
				50C5E44A21349EFD008578EE /* Assets.xcassets in Resources */,
				50C5E44821349EFB008578EE /* Main.storyboard in Resources */,
			);
			runOnlyForDeploymentPostprocessing = 0;
		};
/* End PBXResourcesBuildPhase section */

/* Begin PBXSourcesBuildPhase section */
		50C5E43B21349EFB008578EE /* Sources */ = {
			isa = PBXSourcesBuildPhase;
			buildActionMask = 2147483647;
			files = (
				50C5E44521349EFB008578EE /* AceListViewController.swift in Sources */,
				50C5E44321349EFB008578EE /* AppDelegate.swift in Sources */,
			);
			runOnlyForDeploymentPostprocessing = 0;
		};
/* End PBXSourcesBuildPhase section */

/* Begin PBXVariantGroup section */
		50C5E44621349EFB008578EE /* Main.storyboard */ = {
			isa = PBXVariantGroup;
			children = (
				50C5E44721349EFB008578EE /* Base */,
			);
			name = Main.storyboard;
			sourceTree = "<group>";
		};
		50C5E44B21349EFD008578EE /* LaunchScreen.storyboard */ = {
			isa = PBXVariantGroup;
			children = (
				50C5E44C21349EFD008578EE /* Base */,
			);
			name = LaunchScreen.storyboard;
			sourceTree = "<group>";
		};
/* End PBXVariantGroup section */

/* Begin XCBuildConfiguration section */
		50C5E44F21349EFD008578EE /* Debug */ = {
			isa = XCBuildConfiguration;
			buildSettings = {
				ALWAYS_SEARCH_USER_PATHS = NO;
				CLANG_ANALYZER_NONNULL = YES;
				CLANG_ANALYZER_NUMBER_OBJECT_CONVERSION = YES_AGGRESSIVE;
				CLANG_CXX_LANGUAGE_STANDARD = "gnu++14";
				CLANG_CXX_LIBRARY = "libc++";
				CLANG_ENABLE_MODULES = YES;
				CLANG_ENABLE_OBJC_ARC = YES;
				CLANG_ENABLE_OBJC_WEAK = YES;
				CLANG_WARN_BLOCK_CAPTURE_AUTORELEASING = YES;
				CLANG_WARN_BOOL_CONVERSION = YES;
				CLANG_WARN_COMMA = YES;
				CLANG_WARN_CONSTANT_CONVERSION = YES;
				CLANG_WARN_DEPRECATED_OBJC_IMPLEMENTATIONS = YES;
				CLANG_WARN_DIRECT_OBJC_ISA_USAGE = YES_ERROR;
				CLANG_WARN_DOCUMENTATION_COMMENTS = YES;
				CLANG_WARN_EMPTY_BODY = YES;
				CLANG_WARN_ENUM_CONVERSION = YES;
				CLANG_WARN_INFINITE_RECURSION = YES;
				CLANG_WARN_INT_CONVERSION = YES;
				CLANG_WARN_NON_LITERAL_NULL_CONVERSION = YES;
				CLANG_WARN_OBJC_IMPLICIT_RETAIN_SELF = YES;
				CLANG_WARN_OBJC_LITERAL_CONVERSION = YES;
				CLANG_WARN_OBJC_ROOT_CLASS = YES_ERROR;
				CLANG_WARN_RANGE_LOOP_ANALYSIS = YES;
				CLANG_WARN_STRICT_PROTOTYPES = YES;
				CLANG_WARN_SUSPICIOUS_MOVE = YES;
				CLANG_WARN_UNGUARDED_AVAILABILITY = YES_AGGRESSIVE;
				CLANG_WARN_UNREACHABLE_CODE = YES;
				CLANG_WARN__DUPLICATE_METHOD_MATCH = YES;
				CODE_SIGN_IDENTITY = "iPhone Developer";
				COPY_PHASE_STRIP = NO;
				DEBUG_INFORMATION_FORMAT = dwarf;
				ENABLE_STRICT_OBJC_MSGSEND = YES;
				ENABLE_TESTABILITY = YES;
				GCC_C_LANGUAGE_STANDARD = gnu11;
				GCC_DYNAMIC_NO_PIC = NO;
				GCC_NO_COMMON_BLOCKS = YES;
				GCC_OPTIMIZATION_LEVEL = 0;
				GCC_PREPROCESSOR_DEFINITIONS = (
					"DEBUG=1",
					"$(inherited)",
				);
				GCC_WARN_64_TO_32_BIT_CONVERSION = YES;
				GCC_WARN_ABOUT_RETURN_TYPE = YES_ERROR;
				GCC_WARN_UNDECLARED_SELECTOR = YES;
				GCC_WARN_UNINITIALIZED_AUTOS = YES_AGGRESSIVE;
				GCC_WARN_UNUSED_FUNCTION = YES;
				GCC_WARN_UNUSED_VARIABLE = YES;
				IPHONEOS_DEPLOYMENT_TARGET = 11.4;
				MTL_ENABLE_DEBUG_INFO = YES;
				ONLY_ACTIVE_ARCH = YES;
				SDKROOT = iphoneos;
				SWIFT_ACTIVE_COMPILATION_CONDITIONS = DEBUG;
				SWIFT_OPTIMIZATION_LEVEL = "-Onone";
			};
			name = Debug;
		};
		50C5E45021349EFD008578EE /* Release */ = {
			isa = XCBuildConfiguration;
			buildSettings = {
				ALWAYS_SEARCH_USER_PATHS = NO;
				CLANG_ANALYZER_NONNULL = YES;
				CLANG_ANALYZER_NUMBER_OBJECT_CONVERSION = YES_AGGRESSIVE;
				CLANG_CXX_LANGUAGE_STANDARD = "gnu++14";
				CLANG_CXX_LIBRARY = "libc++";
				CLANG_ENABLE_MODULES = YES;
				CLANG_ENABLE_OBJC_ARC = YES;
				CLANG_ENABLE_OBJC_WEAK = YES;
				CLANG_WARN_BLOCK_CAPTURE_AUTORELEASING = YES;
				CLANG_WARN_BOOL_CONVERSION = YES;
				CLANG_WARN_COMMA = YES;
				CLANG_WARN_CONSTANT_CONVERSION = YES;
				CLANG_WARN_DEPRECATED_OBJC_IMPLEMENTATIONS = YES;
				CLANG_WARN_DIRECT_OBJC_ISA_USAGE = YES_ERROR;
				CLANG_WARN_DOCUMENTATION_COMMENTS = YES;
				CLANG_WARN_EMPTY_BODY = YES;
				CLANG_WARN_ENUM_CONVERSION = YES;
				CLANG_WARN_INFINITE_RECURSION = YES;
				CLANG_WARN_INT_CONVERSION = YES;
				CLANG_WARN_NON_LITERAL_NULL_CONVERSION = YES;
				CLANG_WARN_OBJC_IMPLICIT_RETAIN_SELF = YES;
				CLANG_WARN_OBJC_LITERAL_CONVERSION = YES;
				CLANG_WARN_OBJC_ROOT_CLASS = YES_ERROR;
				CLANG_WARN_RANGE_LOOP_ANALYSIS = YES;
				CLANG_WARN_STRICT_PROTOTYPES = YES;
				CLANG_WARN_SUSPICIOUS_MOVE = YES;
				CLANG_WARN_UNGUARDED_AVAILABILITY = YES_AGGRESSIVE;
				CLANG_WARN_UNREACHABLE_CODE = YES;
				CLANG_WARN__DUPLICATE_METHOD_MATCH = YES;
				CODE_SIGN_IDENTITY = "iPhone Developer";
				COPY_PHASE_STRIP = NO;
				DEBUG_INFORMATION_FORMAT = "dwarf-with-dsym";
				ENABLE_NS_ASSERTIONS = NO;
				ENABLE_STRICT_OBJC_MSGSEND = YES;
				GCC_C_LANGUAGE_STANDARD = gnu11;
				GCC_NO_COMMON_BLOCKS = YES;
				GCC_WARN_64_TO_32_BIT_CONVERSION = YES;
				GCC_WARN_ABOUT_RETURN_TYPE = YES_ERROR;
				GCC_WARN_UNDECLARED_SELECTOR = YES;
				GCC_WARN_UNINITIALIZED_AUTOS = YES_AGGRESSIVE;
				GCC_WARN_UNUSED_FUNCTION = YES;
				GCC_WARN_UNUSED_VARIABLE = YES;
				IPHONEOS_DEPLOYMENT_TARGET = 11.4;
				MTL_ENABLE_DEBUG_INFO = NO;
				SDKROOT = iphoneos;
				SWIFT_COMPILATION_MODE = wholemodule;
				SWIFT_OPTIMIZATION_LEVEL = "-O";
				VALIDATE_PRODUCT = YES;
			};
			name = Release;
		};
		50C5E45221349EFD008578EE /* Debug */ = {
			isa = XCBuildConfiguration;
			buildSettings = {
				ASSETCATALOG_COMPILER_APPICON_NAME = AppIcon;
				CODE_SIGN_STYLE = Automatic;
				DEVELOPMENT_TEAM = LD39524DZU;
				INFOPLIST_FILE = AceList/Info.plist;
				LD_RUNPATH_SEARCH_PATHS = (
					"$(inherited)",
					"@executable_path/Frameworks",
				);
				PRODUCT_BUNDLE_IDENTIFIER = com.acegoulet.AceList;
				PRODUCT_NAME = "$(TARGET_NAME)";
				SWIFT_VERSION = 4.0;
				TARGETED_DEVICE_FAMILY = "1,2";
			};
			name = Debug;
		};
		50C5E45321349EFD008578EE /* Release */ = {
			isa = XCBuildConfiguration;
			buildSettings = {
				ASSETCATALOG_COMPILER_APPICON_NAME = AppIcon;
				CODE_SIGN_STYLE = Automatic;
				DEVELOPMENT_TEAM = LD39524DZU;
				INFOPLIST_FILE = AceList/Info.plist;
				LD_RUNPATH_SEARCH_PATHS = (
					"$(inherited)",
					"@executable_path/Frameworks",
				);
				PRODUCT_BUNDLE_IDENTIFIER = com.acegoulet.AceList;
				PRODUCT_NAME = "$(TARGET_NAME)";
				SWIFT_VERSION = 4.0;
				TARGETED_DEVICE_FAMILY = "1,2";
			};
			name = Release;
		};
/* End XCBuildConfiguration section */

/* Begin XCConfigurationList section */
		50C5E43A21349EFB008578EE /* Build configuration list for PBXProject "AceList" */ = {
			isa = XCConfigurationList;
			buildConfigurations = (
				50C5E44F21349EFD008578EE /* Debug */,
				50C5E45021349EFD008578EE /* Release */,
			);
			defaultConfigurationIsVisible = 0;
			defaultConfigurationName = Release;
		};
		50C5E45121349EFD008578EE /* Build configuration list for PBXNativeTarget "AceList" */ = {
			isa = XCConfigurationList;
			buildConfigurations = (
				50C5E45221349EFD008578EE /* Debug */,
				50C5E45321349EFD008578EE /* Release */,
			);
			defaultConfigurationIsVisible = 0;
			defaultConfigurationName = Release;
		};
/* End XCConfigurationList section */
	};
	rootObject = 50C5E43721349EFB008578EE /* Project object */;
}
